// !$*UTF8*$!
{
	archiveVersion = 1;
	classes = {
	};
	objectVersion = 46;
	objects = {

/* Begin PBXBuildFile section */
		09C0D6091D16BEB00078B7DF /* AppDelegate.swift in Sources */ = {isa = PBXBuildFile; fileRef = 09C0D6081D16BEB00078B7DF /* AppDelegate.swift */; };
		09C0D60B1D16BEB00078B7DF /* ViewController.swift in Sources */ = {isa = PBXBuildFile; fileRef = 09C0D60A1D16BEB00078B7DF /* ViewController.swift */; };
		09C0D60E1D16BEB10078B7DF /* Main.storyboard in Resources */ = {isa = PBXBuildFile; fileRef = 09C0D60C1D16BEB10078B7DF /* Main.storyboard */; };
		09C0D6101D16BEB10078B7DF /* Assets.xcassets in Resources */ = {isa = PBXBuildFile; fileRef = 09C0D60F1D16BEB10078B7DF /* Assets.xcassets */; };
		09C0D6131D16BEB10078B7DF /* LaunchScreen.storyboard in Resources */ = {isa = PBXBuildFile; fileRef = 09C0D6111D16BEB10078B7DF /* LaunchScreen.storyboard */; };
/* End PBXBuildFile section */

/* Begin PBXFileReference section */
		09C0D6051D16BEB00078B7DF /* RadioFgPlaylist.app */ = {isa = PBXFileReference; explicitFileType = wrapper.application; includeInIndex = 0; path = RadioFgPlaylist.app; sourceTree = BUILT_PRODUCTS_DIR; };
		09C0D6081D16BEB00078B7DF /* AppDelegate.swift */ = {isa = PBXFileReference; lastKnownFileType = sourcecode.swift; path = AppDelegate.swift; sourceTree = "<group>"; };
		09C0D60A1D16BEB00078B7DF /* ViewController.swift */ = {isa = PBXFileReference; lastKnownFileType = sourcecode.swift; path = ViewController.swift; sourceTree = "<group>"; };
		09C0D60D1D16BEB10078B7DF /* Base */ = {isa = PBXFileReference; lastKnownFileType = file.storyboard; name = Base; path = Base.lproj/Main.storyboard; sourceTree = "<group>"; };
		09C0D60F1D16BEB10078B7DF /* Assets.xcassets */ = {isa = PBXFileReference; lastKnownFileType = folder.assetcatalog; path = Assets.xcassets; sourceTree = "<group>"; };
		09C0D6121D16BEB10078B7DF /* Base */ = {isa = PBXFileReference; lastKnownFileType = file.storyboard; name = Base; path = Base.lproj/LaunchScreen.storyboard; sourceTree = "<group>"; };
		09C0D6141D16BEB10078B7DF /* Info.plist */ = {isa = PBXFileReference; lastKnownFileType = text.plist.xml; path = Info.plist; sourceTree = "<group>"; };
/* End PBXFileReference section */

/* Begin PBXFrameworksBuildPhase section */
		09C0D6021D16BEB00078B7DF /* Frameworks */ = {
			isa = PBXFrameworksBuildPhase;
			buildActionMask = 2147483647;
			files = (
			);
			runOnlyForDeploymentPostprocessing = 0;
		};
/* End PBXFrameworksBuildPhase section */

/* Begin PBXGroup section */
		09C0D5FC1D16BEB00078B7DF = {
			isa = PBXGroup;
			children = (
				09C0D6071D16BEB00078B7DF /* RadioFgPlaylist */,
				09C0D6061D16BEB00078B7DF /* Products */,
			);
			sourceTree = "<group>";
		};
		09C0D6061D16BEB00078B7DF /* Products */ = {
			isa = PBXGroup;
			children = (
				09C0D6051D16BEB00078B7DF /* RadioFgPlaylist.app */,
			);
			name = Products;
			sourceTree = "<group>";
		};
		09C0D6071D16BEB00078B7DF /* RadioFgPlaylist */ = {
			isa = PBXGroup;
			children = (
				09C0D6081D16BEB00078B7DF /* AppDelegate.swift */,
				09C0D60A1D16BEB00078B7DF /* ViewController.swift */,
				09C0D60C1D16BEB10078B7DF /* Main.storyboard */,
				09C0D60F1D16BEB10078B7DF /* Assets.xcassets */,
				09C0D6111D16BEB10078B7DF /* LaunchScreen.storyboard */,
				09C0D6141D16BEB10078B7DF /* Info.plist */,
			);
			path = RadioFgPlaylist;
			sourceTree = "<group>";
		};
/* End PBXGroup section */

/* Begin PBXNativeTarget section */
		09C0D6041D16BEB00078B7DF /* RadioFgPlaylist */ = {
			isa = PBXNativeTarget;
			buildConfigurationList = 09C0D6171D16BEB10078B7DF /* Build configuration list for PBXNativeTarget "RadioFgPlaylist" */;
			buildPhases = (
				09C0D6011D16BEB00078B7DF /* Sources */,
				09C0D6021D16BEB00078B7DF /* Frameworks */,
				09C0D6031D16BEB00078B7DF /* Resources */,
			);
			buildRules = (
			);
			dependencies = (
			);
			name = RadioFgPlaylist;
			productName = RadioFgPlaylist;
			productReference = 09C0D6051D16BEB00078B7DF /* RadioFgPlaylist.app */;
			productType = "com.apple.product-type.application";
		};
/* End PBXNativeTarget section */

/* Begin PBXProject section */
		09C0D5FD1D16BEB00078B7DF /* Project object */ = {
			isa = PBXProject;
			attributes = {
				LastSwiftUpdateCheck = 0730;
				LastUpgradeCheck = 0730;
				ORGANIZATIONNAME = Olivier;
				TargetAttributes = {
					09C0D6041D16BEB00078B7DF = {
						CreatedOnToolsVersion = 7.3.1;
						DevelopmentTeam = FDQL2B3L5S;
					};
				};
			};
			buildConfigurationList = 09C0D6001D16BEB00078B7DF /* Build configuration list for PBXProject "RadioFgPlaylist" */;
			compatibilityVersion = "Xcode 3.2";
			developmentRegion = English;
			hasScannedForEncodings = 0;
			knownRegions = (
				en,
				Base,
			);
			mainGroup = 09C0D5FC1D16BEB00078B7DF;
			productRefGroup = 09C0D6061D16BEB00078B7DF /* Products */;
			projectDirPath = "";
			projectRoot = "";
			targets = (
				09C0D6041D16BEB00078B7DF /* RadioFgPlaylist */,
			);
		};
/* End PBXProject section */

/* Begin PBXResourcesBuildPhase section */
		09C0D6031D16BEB00078B7DF /* Resources */ = {
			isa = PBXResourcesBuildPhase;
			buildActionMask = 2147483647;
			files = (
				09C0D6131D16BEB10078B7DF /* LaunchScreen.storyboard in Resources */,
				09C0D6101D16BEB10078B7DF /* Assets.xcassets in Resources */,
				09C0D60E1D16BEB10078B7DF /* Main.storyboard in Resources */,
			);
			runOnlyForDeploymentPostprocessing = 0;
		};
/* End PBXResourcesBuildPhase section */

/* Begin PBXSourcesBuildPhase section */
		09C0D6011D16BEB00078B7DF /* Sources */ = {
			isa = PBXSourcesBuildPhase;
			buildActionMask = 2147483647;
			files = (
				09C0D60B1D16BEB00078B7DF /* ViewController.swift in Sources */,
				09C0D6091D16BEB00078B7DF /* AppDelegate.swift in Sources */,
			);
			runOnlyForDeploymentPostprocessing = 0;
		};
/* End PBXSourcesBuildPhase section */

/* Begin PBXVariantGroup section */
		09C0D60C1D16BEB10078B7DF /* Main.storyboard */ = {
			isa = PBXVariantGroup;
			children = (
				09C0D60D1D16BEB10078B7DF /* Base */,
			);
			name = Main.storyboard;
			sourceTree = "<group>";
		};
		09C0D6111D16BEB10078B7DF /* LaunchScreen.storyboard */ = {
			isa = PBXVariantGroup;
			children = (
				09C0D6121D16BEB10078B7DF /* Base */,
			);
			name = LaunchScreen.storyboard;
			sourceTree = "<group>";
		};
/* End PBXVariantGroup section */

/* Begin XCBuildConfiguration section */
		09C0D6151D16BEB10078B7DF /* Debug */ = {
			isa = XCBuildConfiguration;
			buildSettings = {
				ALWAYS_SEARCH_USER_PATHS = NO;
				CLANG_ANALYZER_NONNULL = YES;
				CLANG_CXX_LANGUAGE_STANDARD = "gnu++0x";
				CLANG_CXX_LIBRARY = "libc++";
				CLANG_ENABLE_MODULES = YES;
				CLANG_ENABLE_OBJC_ARC = YES;
				CLANG_WARN_BOOL_CONVERSION = YES;
				CLANG_WARN_CONSTANT_CONVERSION = YES;
				CLANG_WARN_DIRECT_OBJC_ISA_USAGE = YES_ERROR;
				CLANG_WARN_EMPTY_BODY = YES;
				CLANG_WARN_ENUM_CONVERSION = YES;
				CLANG_WARN_INT_CONVERSION = YES;
				CLANG_WARN_OBJC_ROOT_CLASS = YES_ERROR;
				CLANG_WARN_UNREACHABLE_CODE = YES;
				CLANG_WARN__DUPLICATE_METHOD_MATCH = YES;
				"CODE_SIGN_IDENTITY[sdk=iphoneos*]" = "iPhone Developer";
				COPY_PHASE_STRIP = NO;
				DEBUG_INFORMATION_FORMAT = dwarf;
				ENABLE_STRICT_OBJC_MSGSEND = YES;
				ENABLE_TESTABILITY = YES;
				GCC_C_LANGUAGE_STANDARD = gnu99;
				GCC_DYNAMIC_NO_PIC = NO;
				GCC_NO_COMMON_BLOCKS = YES;
				GCC_OPTIMIZATION_LEVEL = 0;
				GCC_PREPROCESSOR_DEFINITIONS = (
					"DEBUG=1",
					"$(inherited)",
				);
				GCC_WARN_64_TO_32_BIT_CONVERSION = YES;
				GCC_WARN_ABOUT_RETURN_TYPE = YES_ERROR;
				GCC_WARN_UNDECLARED_SELECTOR = YES;
				GCC_WARN_UNINITIALIZED_AUTOS = YES_AGGRESSIVE;
				GCC_WARN_UNUSED_FUNCTION = YES;
				GCC_WARN_UNUSED_VARIABLE = YES;
				IPHONEOS_DEPLOYMENT_TARGET = 9.3;
				MTL_ENABLE_DEBUG_INFO = YES;
				ONLY_ACTIVE_ARCH = YES;
				SDKROOT = iphoneos;
				SWIFT_OPTIMIZATION_LEVEL = "-Onone";
			};
			name = Debug;
		};
		09C0D6161D16BEB10078B7DF /* Release */ = {
			isa = XCBuildConfiguration;
			buildSettings = {
				ALWAYS_SEARCH_USER_PATHS = NO;
				CLANG_ANALYZER_NONNULL = YES;
				CLANG_CXX_LANGUAGE_STANDARD = "gnu++0x";
				CLANG_CXX_LIBRARY = "libc++";
				CLANG_ENABLE_MODULES = YES;
				CLANG_ENABLE_OBJC_ARC = YES;
				CLANG_WARN_BOOL_CONVERSION = YES;
				CLANG_WARN_CONSTANT_CONVERSION = YES;
				CLANG_WARN_DIRECT_OBJC_ISA_USAGE = YES_ERROR;
				CLANG_WARN_EMPTY_BODY = YES;
				CLANG_WARN_ENUM_CONVERSION = YES;
				CLANG_WARN_INT_CONVERSION = YES;
				CLANG_WARN_OBJC_ROOT_CLASS = YES_ERROR;
				CLANG_WARN_UNREACHABLE_CODE = YES;
				CLANG_WARN__DUPLICATE_METHOD_MATCH = YES;
				"CODE_SIGN_IDENTITY[sdk=iphoneos*]" = "iPhone Developer";
				COPY_PHASE_STRIP = NO;
				DEBUG_INFORMATION_FORMAT = "dwarf-with-dsym";
				ENABLE_NS_ASSERTIONS = NO;
				ENABLE_STRICT_OBJC_MSGSEND = YES;
				GCC_C_LANGUAGE_STANDARD = gnu99;
				GCC_NO_COMMON_BLOCKS = YES;
				GCC_WARN_64_TO_32_BIT_CONVERSION = YES;
				GCC_WARN_ABOUT_RETURN_TYPE = YES_ERROR;
				GCC_WARN_UNDECLARED_SELECTOR = YES;
				GCC_WARN_UNINITIALIZED_AUTOS = YES_AGGRESSIVE;
				GCC_WARN_UNUSED_FUNCTION = YES;
				GCC_WARN_UNUSED_VARIABLE = YES;
				IPHONEOS_DEPLOYMENT_TARGET = 9.3;
				MTL_ENABLE_DEBUG_INFO = NO;
				SDKROOT = iphoneos;
				VALIDATE_PRODUCT = YES;
			};
			name = Release;
		};
		09C0D6181D16BEB10078B7DF /* Debug */ = {
			isa = XCBuildConfiguration;
			buildSettings = {
				ASSETCATALOG_COMPILER_APPICON_NAME = AppIcon;
				INFOPLIST_FILE = RadioFgPlaylist/Info.plist;
				LD_RUNPATH_SEARCH_PATHS = "$(inherited) @executable_path/Frameworks";
				PRODUCT_BUNDLE_IDENTIFIER = be.ovde.RadioFgPlaylist;
				PRODUCT_NAME = "$(TARGET_NAME)";
			};
			name = Debug;
		};
		09C0D6191D16BEB10078B7DF /* Release */ = {
			isa = XCBuildConfiguration;
			buildSettings = {
				ASSETCATALOG_COMPILER_APPICON_NAME = AppIcon;
				INFOPLIST_FILE = RadioFgPlaylist/Info.plist;
				LD_RUNPATH_SEARCH_PATHS = "$(inherited) @executable_path/Frameworks";
				PRODUCT_BUNDLE_IDENTIFIER = be.ovde.RadioFgPlaylist;
				PRODUCT_NAME = "$(TARGET_NAME)";
			};
			name = Release;
		};
/* End XCBuildConfiguration section */

/* Begin XCConfigurationList section */
		09C0D6001D16BEB00078B7DF /* Build configuration list for PBXProject "RadioFgPlaylist" */ = {
			isa = XCConfigurationList;
			buildConfigurations = (
				09C0D6151D16BEB10078B7DF /* Debug */,
				09C0D6161D16BEB10078B7DF /* Release */,
			);
			defaultConfigurationIsVisible = 0;
			defaultConfigurationName = Release;
		};
		09C0D6171D16BEB10078B7DF /* Build configuration list for PBXNativeTarget "RadioFgPlaylist" */ = {
			isa = XCConfigurationList;
			buildConfigurations = (
				09C0D6181D16BEB10078B7DF /* Debug */,
				09C0D6191D16BEB10078B7DF /* Release */,
			);
			defaultConfigurationIsVisible = 0;
		};
/* End XCConfigurationList section */
	};
	rootObject = 09C0D5FD1D16BEB00078B7DF /* Project object */;
}
